
Microsoft Visual Studio Solution File, Format Version 12.00
# Visual Studio Version 16
VisualStudioVersion = 16.0.29911.84
MinimumVisualStudioVersion = 10.0.40219.1
Project("{FAE04EC0-301F-11D3-BF4B-00C04F79EFBC}") = "FileOperationApp", "FileOperationApp\FileOperationApp.csproj", "{9FA525F9-1DAB-4797-8974-9D186B8EFAC1}"
EndProject
Global
	GlobalSection(SolutionConfigurationPlatforms) = preSolution
		Debug|Any CPU = Debug|Any CPU
		Release|Any CPU = Release|Any CPU
	EndGlobalSection
	GlobalSection(ProjectConfigurationPlatforms) = postSolution
		{9FA525F9-1DAB-4797-8974-9D186B8EFAC1}.Debug|Any CPU.ActiveCfg = Debug|Any CPU
		{9FA525F9-1DAB-4797-8974-9D186B8EFAC1}.Debug|Any CPU.Build.0 = Debug|Any CPU
		{9FA525F9-1DAB-4797-8974-9D186B8EFAC1}.Release|Any CPU.ActiveCfg = Release|Any CPU
		{9FA525F9-1DAB-4797-8974-9D186B8EFAC1}.Release|Any CPU.Build.0 = Release|Any CPU
	EndGlobalSection
	GlobalSection(SolutionProperties) = preSolution
		HideSolutionNode = FALSE
	EndGlobalSection
	GlobalSection(ExtensibilityGlobals) = postSolution
		SolutionGuid = {00D46531-A744-48DF-83C1-C5E91A4557A8}
	EndGlobalSection
EndGlobal
