
Microsoft Visual Studio Solution File, Format Version 12.00
# Visual Studio Version 16
VisualStudioVersion = 16.0.29911.84
MinimumVisualStudioVersion = 10.0.40219.1
Project("{FAE04EC0-301F-11D3-BF4B-00C04F79EFBC}") = "BollywoodApp", "BollywoodApp\BollywoodApp.csproj", "{48182F67-68BE-4170-B138-4964D81B9D3B}"
EndProject
Global
	GlobalSection(SolutionConfigurationPlatforms) = preSolution
		Debug|Any CPU = Debug|Any CPU
		Release|Any CPU = Release|Any CPU
	EndGlobalSection
	GlobalSection(ProjectConfigurationPlatforms) = postSolution
		{48182F67-68BE-4170-B138-4964D81B9D3B}.Debug|Any CPU.ActiveCfg = Debug|Any CPU
		{48182F67-68BE-4170-B138-4964D81B9D3B}.Debug|Any CPU.Build.0 = Debug|Any CPU
		{48182F67-68BE-4170-B138-4964D81B9D3B}.Release|Any CPU.ActiveCfg = Release|Any CPU
		{48182F67-68BE-4170-B138-4964D81B9D3B}.Release|Any CPU.Build.0 = Release|Any CPU
	EndGlobalSection
	GlobalSection(SolutionProperties) = preSolution
		HideSolutionNode = FALSE
	EndGlobalSection
	GlobalSection(ExtensibilityGlobals) = postSolution
		SolutionGuid = {961C8EB5-2882-4B4C-8D8C-5B5D6E585B7A}
	EndGlobalSection
EndGlobal
